
Microsoft Visual Studio Solution File, Format Version 12.00
# Visual Studio Version 17
VisualStudioVersion = 17.8.34601.278
MinimumVisualStudioVersion = 10.0.40219.1
Project("{9A19103F-16F7-4668-BE54-9A1E7A4F7556}") = "Rects", "Rects.csproj", "{1D88230A-7719-44E8-A939-374802B8E9FF}"
EndProject
Global
	GlobalSection(SolutionConfigurationPlatforms) = preSolution
		Debug|Any CPU = Debug|Any CPU
		Release|Any CPU = Release|Any CPU
	EndGlobalSection
	GlobalSection(ProjectConfigurationPlatforms) = postSolution
		{1D88230A-7719-44E8-A939-374802B8E9FF}.Debug|Any CPU.ActiveCfg = Debug|Any CPU
		{1D88230A-7719-44E8-A939-374802B8E9FF}.Debug|Any CPU.Build.0 = Debug|Any CPU
		{1D88230A-7719-44E8-A939-374802B8E9FF}.Release|Any CPU.ActiveCfg = Release|Any CPU
		{1D88230A-7719-44E8-A939-374802B8E9FF}.Release|Any CPU.Build.0 = Release|Any CPU
	EndGlobalSection
	GlobalSection(SolutionProperties) = preSolution
		HideSolutionNode = FALSE
	EndGlobalSection
	GlobalSection(ExtensibilityGlobals) = postSolution
		SolutionGuid = {325F42EB-0397-4EB3-B19B-9C9755ADE141}
	EndGlobalSection
EndGlobal
